{
  "requires": true,
  "lockfileVersion": 1,
  "dependencies": {
    "badwords-list": {
      "version": "1.0.0",
      "resolved": "https://registry.npmjs.org/badwords-list/-/badwords-list-1.0.0.tgz",
      "integrity": "sha1-XphW2/E0gqKVw7CzBK+51M/FxXk="
    },
    "clean-shortid": {
      "version": "1.0.0",
      "resolved": "https://registry.npmjs.org/clean-shortid/-/clean-shortid-1.0.0.tgz",
      "integrity": "sha512-/Gr6YIJ1Iwtb2QyUFGz7V5eyVzBfkpht8L3zN4pSbZJPPxXy0HFBOje4/EV7NyoDeQCdqHi3mzSWK1eumz4Zqw==",
      "requires": {
        "badwords-list": "1.0.0",
        "shortid": "2.2.8"
      }
    },
    "shortid": {
      "version": "2.2.8",
      "resolved": "https://registry.npmjs.org/shortid/-/shortid-2.2.8.tgz",
      "integrity": "sha1-AzsRfWoul1gE9vCWnb59PQs1UTE="
    }
  }
}
